
Microsoft Visual Studio Solution File, Format Version 12.00
# Visual Studio Version 17
VisualStudioVersion = 17.10.35013.160
MinimumVisualStudioVersion = 10.0.40219.1
Project("{FAE04EC0-301F-11D3-BF4B-00C04F79EFBC}") = "AnimalTest", "AnimalTest\AnimalTest.csproj", "{6FDF7F4F-81AC-4D4D-BAB6-C2B8812340F0}"
EndProject
Global
	GlobalSection(SolutionConfigurationPlatforms) = preSolution
		Debug|Any CPU = Debug|Any CPU
		Release|Any CPU = Release|Any CPU
	EndGlobalSection
	GlobalSection(ProjectConfigurationPlatforms) = postSolution
		{6FDF7F4F-81AC-4D4D-BAB6-C2B8812340F0}.Debug|Any CPU.ActiveCfg = Debug|Any CPU
		{6FDF7F4F-81AC-4D4D-BAB6-C2B8812340F0}.Debug|Any CPU.Build.0 = Debug|Any CPU
		{6FDF7F4F-81AC-4D4D-BAB6-C2B8812340F0}.Release|Any CPU.ActiveCfg = Release|Any CPU
		{6FDF7F4F-81AC-4D4D-BAB6-C2B8812340F0}.Release|Any CPU.Build.0 = Release|Any CPU
	EndGlobalSection
	GlobalSection(SolutionProperties) = preSolution
		HideSolutionNode = FALSE
	EndGlobalSection
	GlobalSection(ExtensibilityGlobals) = postSolution
		SolutionGuid = {5D8A8CE6-2103-41B9-A760-DE5EA3955DF1}
	EndGlobalSection
EndGlobal
